
Microsoft Visual Studio Solution File, Format Version 12.00
# Visual Studio 15
VisualStudioVersion = 15.0.28010.2019
MinimumVisualStudioVersion = 10.0.40219.1
Project("{2150E333-8FDC-42A3-9474-1A3956D46DE8}") = "Docs", "Docs", "{C90ED6D5-71DD-4200-9F6E-4C23620A604D}"
	ProjectSection(SolutionItems) = preProject
		Readme.txt = Readme.txt
		Функции.docx = Функции.docx
	EndProjectSection
EndProject
Project("{2150E333-8FDC-42A3-9474-1A3956D46DE8}") = "Src", "Src", "{B35664B0-86A1-42BE-B48F-8BA796B893E8}"
EndProject
Project("{2150E333-8FDC-42A3-9474-1A3956D46DE8}") = "Tests", "Tests", "{F181F0C0-4267-474C-9129-E3795B5B1437}"
EndProject
Project("{2150E333-8FDC-42A3-9474-1A3956D46DE8}") = "Common", "Common", "{7D6678EF-B57B-45ED-A9F8-B7ECD84FDCDB}"
EndProject
Project("{2150E333-8FDC-42A3-9474-1A3956D46DE8}") = "Core", "Core", "{F3ED3823-A8A5-4893-B6EA-EDC42330DD67}"
EndProject
Project("{2150E333-8FDC-42A3-9474-1A3956D46DE8}") = "Infrastructure", "Infrastructure", "{7027CA7B-636A-426A-9775-7FFA681FDD4B}"
EndProject
Project("{2150E333-8FDC-42A3-9474-1A3956D46DE8}") = "Presentation", "Presentation", "{4FB071D6-19FD-48A4-9B89-A317A6A1CE7C}"
EndProject
Project("{9A19103F-16F7-4668-BE54-9A1E7A4F7556}") = "SportPlatform.WebUI", "SportPlatform.WebUI\SportPlatform.WebUI.csproj", "{BF7D7050-DB31-48AA-9F24-FF648A9439F6}"
EndProject
Project("{9A19103F-16F7-4668-BE54-9A1E7A4F7556}") = "SportPlatform.Infrastructure", "SportPlatform.Infrastructure\SportPlatform.Infrastructure.csproj", "{236B2D78-37B3-4C6F-AAA3-A0FDB902881C}"
EndProject
Project("{9A19103F-16F7-4668-BE54-9A1E7A4F7556}") = "SportPlatform.Persistence", "SportPlatform.Persistence\SportPlatform.Persistence.csproj", "{D16AEC36-45EB-4874-B046-E84624162D08}"
EndProject
Project("{9A19103F-16F7-4668-BE54-9A1E7A4F7556}") = "SportPlatform.Application", "SportPlatform.Application\SportPlatform.Application.csproj", "{EC353499-0B24-4F1D-822B-458DA9822AA0}"
EndProject
Project("{9A19103F-16F7-4668-BE54-9A1E7A4F7556}") = "SportPlatform.Domain", "SportPlatform.Domain\SportPlatform.Domain.csproj", "{3DDEDBD5-7B98-47EE-AE94-F03994A46B80}"
EndProject
Project("{9A19103F-16F7-4668-BE54-9A1E7A4F7556}") = "SportPlatform.Common", "SportPlatform.Common\SportPlatform.Common.csproj", "{0793A560-7FA8-4FD2-99D0-F8B943EB62EC}"
EndProject
Global
	GlobalSection(SolutionConfigurationPlatforms) = preSolution
		Debug|Any CPU = Debug|Any CPU
		Release|Any CPU = Release|Any CPU
	EndGlobalSection
	GlobalSection(ProjectConfigurationPlatforms) = postSolution
		{BF7D7050-DB31-48AA-9F24-FF648A9439F6}.Debug|Any CPU.ActiveCfg = Debug|Any CPU
		{BF7D7050-DB31-48AA-9F24-FF648A9439F6}.Debug|Any CPU.Build.0 = Debug|Any CPU
		{BF7D7050-DB31-48AA-9F24-FF648A9439F6}.Release|Any CPU.ActiveCfg = Release|Any CPU
		{BF7D7050-DB31-48AA-9F24-FF648A9439F6}.Release|Any CPU.Build.0 = Release|Any CPU
		{236B2D78-37B3-4C6F-AAA3-A0FDB902881C}.Debug|Any CPU.ActiveCfg = Debug|Any CPU
		{236B2D78-37B3-4C6F-AAA3-A0FDB902881C}.Debug|Any CPU.Build.0 = Debug|Any CPU
		{236B2D78-37B3-4C6F-AAA3-A0FDB902881C}.Release|Any CPU.ActiveCfg = Release|Any CPU
		{236B2D78-37B3-4C6F-AAA3-A0FDB902881C}.Release|Any CPU.Build.0 = Release|Any CPU
		{D16AEC36-45EB-4874-B046-E84624162D08}.Debug|Any CPU.ActiveCfg = Debug|Any CPU
		{D16AEC36-45EB-4874-B046-E84624162D08}.Debug|Any CPU.Build.0 = Debug|Any CPU
		{D16AEC36-45EB-4874-B046-E84624162D08}.Release|Any CPU.ActiveCfg = Release|Any CPU
		{D16AEC36-45EB-4874-B046-E84624162D08}.Release|Any CPU.Build.0 = Release|Any CPU
		{EC353499-0B24-4F1D-822B-458DA9822AA0}.Debug|Any CPU.ActiveCfg = Debug|Any CPU
		{EC353499-0B24-4F1D-822B-458DA9822AA0}.Debug|Any CPU.Build.0 = Debug|Any CPU
		{EC353499-0B24-4F1D-822B-458DA9822AA0}.Release|Any CPU.ActiveCfg = Release|Any CPU
		{EC353499-0B24-4F1D-822B-458DA9822AA0}.Release|Any CPU.Build.0 = Release|Any CPU
		{3DDEDBD5-7B98-47EE-AE94-F03994A46B80}.Debug|Any CPU.ActiveCfg = Debug|Any CPU
		{3DDEDBD5-7B98-47EE-AE94-F03994A46B80}.Debug|Any CPU.Build.0 = Debug|Any CPU
		{3DDEDBD5-7B98-47EE-AE94-F03994A46B80}.Release|Any CPU.ActiveCfg = Release|Any CPU
		{3DDEDBD5-7B98-47EE-AE94-F03994A46B80}.Release|Any CPU.Build.0 = Release|Any CPU
		{0793A560-7FA8-4FD2-99D0-F8B943EB62EC}.Debug|Any CPU.ActiveCfg = Debug|Any CPU
		{0793A560-7FA8-4FD2-99D0-F8B943EB62EC}.Debug|Any CPU.Build.0 = Debug|Any CPU
		{0793A560-7FA8-4FD2-99D0-F8B943EB62EC}.Release|Any CPU.ActiveCfg = Release|Any CPU
		{0793A560-7FA8-4FD2-99D0-F8B943EB62EC}.Release|Any CPU.Build.0 = Release|Any CPU
	EndGlobalSection
	GlobalSection(SolutionProperties) = preSolution
		HideSolutionNode = FALSE
	EndGlobalSection
	GlobalSection(NestedProjects) = preSolution
		{7D6678EF-B57B-45ED-A9F8-B7ECD84FDCDB} = {B35664B0-86A1-42BE-B48F-8BA796B893E8}
		{F3ED3823-A8A5-4893-B6EA-EDC42330DD67} = {B35664B0-86A1-42BE-B48F-8BA796B893E8}
		{7027CA7B-636A-426A-9775-7FFA681FDD4B} = {B35664B0-86A1-42BE-B48F-8BA796B893E8}
		{4FB071D6-19FD-48A4-9B89-A317A6A1CE7C} = {B35664B0-86A1-42BE-B48F-8BA796B893E8}
		{BF7D7050-DB31-48AA-9F24-FF648A9439F6} = {4FB071D6-19FD-48A4-9B89-A317A6A1CE7C}
		{236B2D78-37B3-4C6F-AAA3-A0FDB902881C} = {7027CA7B-636A-426A-9775-7FFA681FDD4B}
		{D16AEC36-45EB-4874-B046-E84624162D08} = {7027CA7B-636A-426A-9775-7FFA681FDD4B}
		{EC353499-0B24-4F1D-822B-458DA9822AA0} = {F3ED3823-A8A5-4893-B6EA-EDC42330DD67}
		{3DDEDBD5-7B98-47EE-AE94-F03994A46B80} = {F3ED3823-A8A5-4893-B6EA-EDC42330DD67}
		{0793A560-7FA8-4FD2-99D0-F8B943EB62EC} = {7D6678EF-B57B-45ED-A9F8-B7ECD84FDCDB}
	EndGlobalSection
	GlobalSection(ExtensibilityGlobals) = postSolution
		SolutionGuid = {045B3B24-872E-4779-953C-AA59904234F5}
	EndGlobalSection
EndGlobal
